<?xml version="1.0" encoding="utf-8"?>
<Project ToolsVersion="4.0" xmlns="http://schemas.microsoft.com/developer/msbuild/2003">
  <ItemGroup>
    <Filter Include="UI">
      <UniqueIdentifier>{6c07612a-84d8-45cc-be8d-70debd50401d}</UniqueIdentifier>
    </Filter>
    <Filter Include="Sound">
      <UniqueIdentifier>{217bc2e5-c586-4da1-a7bc-ab0f5d88e74b}</UniqueIdentifier>
    </Filter>
    <Filter Include="UI\Base">
      <UniqueIdentifier>{e3166d53-6d6a-4c1a-8b5c-21ff2f6681f2}</UniqueIdentifier>
    </Filter>
    <Filter Include="Tool">
      <UniqueIdentifier>{52e0e1c7-58b8-4f94-bc49-3d412d51de8d}</UniqueIdentifier>
    </Filter>
  </ItemGroup>
  <ItemGroup>
    <ClInclude Include="..\Sound\HNAudioEngine.h">
      <Filter>Sound</Filter>
    </ClInclude>
    <ClInclude Include="..\UI\Base\HNLayer.h">
      <Filter>UI\Base</Filter>
    </ClInclude>
    <ClInclude Include="..\UI\Base\HNLayerColor.h">
      <Filter>UI\Base</Filter>
    </ClInclude>
    <ClInclude Include="..\UI\Base\HNNode.h">
      <Filter>UI\Base</Filter>
    </ClInclude>
    <ClInclude Include="..\UI\Base\HNScene.h">
      <Filter>UI\Base</Filter>
    </ClInclude>
    <ClInclude Include="..\UI\Base\HNSprite.h">
      <Filter>UI\Base</Filter>
    </ClInclude>
    <ClInclude Include="..\UI\HNDialogBase.h">
      <Filter>UI</Filter>
    </ClInclude>
    <ClInclude Include="..\UI\LoadingLayer.h">
      <Filter>UI</Filter>
    </ClInclude>
    <ClInclude Include="..\UI\TextSprite.h">
      <Filter>UI</Filter>
    </ClInclude>
    <ClInclude Include="..\HNUIExport.h" />
    <ClInclude Include="..\UI\UserHead.h">
      <Filter>UI</Filter>
    </ClInclude>
    <ClInclude Include="..\Tool\Tools.h">
      <Filter>Tool</Filter>
    </ClInclude>
    <ClInclude Include="..\UI\HNEditBox.h">
      <Filter>UI</Filter>
    </ClInclude>
    <ClInclude Include="..\UI\HNShake.h">
      <Filter>UI</Filter>
    </ClInclude>
    <ClInclude Include="..\UI\ClipSprite.h">
      <Filter>UI</Filter>
    </ClInclude>
    <ClInclude Include="..\UI\DropdownList.h">
      <Filter>UI</Filter>
    </ClInclude>
    <ClInclude Include="..\UI\TestCase.h">
      <Filter>UI</Filter>
    </ClInclude>
    <ClInclude Include="..\UI\UIGoldRain.h">
      <Filter>UI</Filter>
    </ClInclude>
    <ClInclude Include="..\UI\Base\ACheckBox.h">
      <Filter>UI\Base</Filter>
    </ClInclude>
    <ClInclude Include="..\UI\Base\AControlButton.h">
      <Filter>UI\Base</Filter>
    </ClInclude>
    <ClInclude Include="..\UI\Base\ASlider.h">
      <Filter>UI\Base</Filter>
    </ClInclude>
    <ClInclude Include="..\UI\Base\ATableView.h">
      <Filter>UI\Base</Filter>
    </ClInclude>
    <ClInclude Include="..\UI\Base\ATableViewDelegate.h">
      <Filter>UI\Base</Filter>
    </ClInclude>
    <ClInclude Include="..\UI\Base\AUIButton.h">
      <Filter>UI\Base</Filter>
    </ClInclude>
    <ClInclude Include="..\UI\Base\BTableView.h">
      <Filter>UI\Base</Filter>
    </ClInclude>
    <ClInclude Include="..\Tool\GameVersionBanOpen.h">
      <Filter>Tool</Filter>
    </ClInclude>
    <ClInclude Include="..\Tool\GraphicsUtils.h">
      <Filter>Tool</Filter>
    </ClInclude>
    <ClInclude Include="..\Tool\WireframeOnOff.h">
      <Filter>Tool</Filter>
    </ClInclude>
    <ClInclude Include="..\Tool\XMLParser.h">
      <Filter>Tool</Filter>
    </ClInclude>
    <ClInclude Include="..\UI\TextureLayer.h">
      <Filter>UI</Filter>
    </ClInclude>
    <ClInclude Include="..\UI\Effect.h">
      <Filter>UI</Filter>
    </ClInclude>
    <ClInclude Include="..\UI\MyProgressTimer.h">
      <Filter>UI</Filter>
    </ClInclude>
    <ClInclude Include="..\UI\CycScrollView.h">
      <Filter>UI</Filter>
    </ClInclude>
    <ClInclude Include="..\UI\RotateMenu.h">
      <Filter>UI</Filter>
    </ClInclude>
    <ClInclude Include="..\UI\CheckCSBLayer.h">
      <Filter>UI</Filter>
    </ClInclude>
    <ClInclude Include="..\UI\CheckTextureLayer.h">
      <Filter>UI</Filter>
    </ClInclude>
    <ClInclude Include="..\UI\HelpLayer.h">
      <Filter>UI</Filter>
    </ClInclude>
    <ClInclude Include="..\UI\Scanner.h">
      <Filter>UI</Filter>
    </ClInclude>
    <ClInclude Include="..\UI\ToolBarLayer.h">
      <Filter>UI</Filter>
    </ClInclude>
    <ClInclude Include="..\UI\FloatCoin.h">
      <Filter>UI</Filter>
    </ClInclude>
    <ClInclude Include="..\UI\TimerObject.h">
      <Filter>UI</Filter>
    </ClInclude>
    <ClInclude Include="..\UI\BigWinner.hpp">
      <Filter>UI</Filter>
    </ClInclude>
    <ClInclude Include="..\UI\JackpotModel.hpp">
      <Filter>UI</Filter>
    </ClInclude>
    <ClInclude Include="..\UI\MoneyGetFourLevel.hpp">
      <Filter>UI</Filter>
    </ClInclude>
    <ClInclude Include="..\UI\RobotInfo.hpp">
      <Filter>UI</Filter>
    </ClInclude>
    <ClInclude Include="..\Tool\XCaseStringUtil.hpp">
      <Filter>Tool</Filter>
    </ClInclude>
    <ClInclude Include="..\Tool\DirUtils.h">
      <Filter>Tool</Filter>
    </ClInclude>
  </ItemGroup>
  <ItemGroup>
    <ClCompile Include="..\Sound\HNAudioEngine.cpp">
      <Filter>Sound</Filter>
    </ClCompile>
    <ClCompile Include="..\UI\Base\HNLayer.cpp">
      <Filter>UI\Base</Filter>
    </ClCompile>
    <ClCompile Include="..\UI\Base\HNLayerColor.cpp">
      <Filter>UI\Base</Filter>
    </ClCompile>
    <ClCompile Include="..\UI\Base\HNNode.cpp">
      <Filter>UI\Base</Filter>
    </ClCompile>
    <ClCompile Include="..\UI\Base\HNScene.cpp">
      <Filter>UI\Base</Filter>
    </ClCompile>
    <ClCompile Include="..\UI\Base\HNSprite.cpp">
      <Filter>UI\Base</Filter>
    </ClCompile>
    <ClCompile Include="..\UI\HNDialogBase.cpp">
      <Filter>UI</Filter>
    </ClCompile>
    <ClCompile Include="..\UI\LoadingLayer.cpp">
      <Filter>UI</Filter>
    </ClCompile>
    <ClCompile Include="..\UI\TextSprite.cpp">
      <Filter>UI</Filter>
    </ClCompile>
    <ClCompile Include="..\UI\UserHead.cpp">
      <Filter>UI</Filter>
    </ClCompile>
    <ClCompile Include="..\Tool\Tools.cpp">
      <Filter>Tool</Filter>
    </ClCompile>
    <ClCompile Include="..\UI\HNEditBox.cpp">
      <Filter>UI</Filter>
    </ClCompile>
    <ClCompile Include="..\UI\HNShake.cpp">
      <Filter>UI</Filter>
    </ClCompile>
    <ClCompile Include="..\UI\ClipSprite.cpp">
      <Filter>UI</Filter>
    </ClCompile>
    <ClCompile Include="..\UI\DropdownList.cpp">
      <Filter>UI</Filter>
    </ClCompile>
    <ClCompile Include="..\UI\TestCase.cpp">
      <Filter>UI</Filter>
    </ClCompile>
    <ClCompile Include="..\UI\UIGoldRain.cpp">
      <Filter>UI</Filter>
    </ClCompile>
    <ClCompile Include="..\UI\Base\ACheckBox.cpp">
      <Filter>UI\Base</Filter>
    </ClCompile>
    <ClCompile Include="..\UI\Base\AControlButton.cpp">
      <Filter>UI\Base</Filter>
    </ClCompile>
    <ClCompile Include="..\UI\Base\ASlider.cpp">
      <Filter>UI\Base</Filter>
    </ClCompile>
    <ClCompile Include="..\UI\Base\ATableView.cpp">
      <Filter>UI\Base</Filter>
    </ClCompile>
    <ClCompile Include="..\UI\Base\ATableViewDelegate.cpp">
      <Filter>UI\Base</Filter>
    </ClCompile>
    <ClCompile Include="..\UI\Base\AUIButton.cpp">
      <Filter>UI\Base</Filter>
    </ClCompile>
    <ClCompile Include="..\UI\Base\BTableView.cpp">
      <Filter>UI\Base</Filter>
    </ClCompile>
    <ClCompile Include="..\Tool\GameVersionBanOpen.cpp">
      <Filter>Tool</Filter>
    </ClCompile>
    <ClCompile Include="..\Tool\GraphicsUtils.cpp">
      <Filter>Tool</Filter>
    </ClCompile>
    <ClCompile Include="..\Tool\WireframeOnOff.cpp">
      <Filter>Tool</Filter>
    </ClCompile>
    <ClCompile Include="..\Tool\XMLParser.cpp">
      <Filter>Tool</Filter>
    </ClCompile>
    <ClCompile Include="..\UI\TextureLayer.cpp">
      <Filter>UI</Filter>
    </ClCompile>
    <ClCompile Include="..\UI\Effect.cpp">
      <Filter>UI</Filter>
    </ClCompile>
    <ClCompile Include="..\UI\MyProgressTimer.cpp">
      <Filter>UI</Filter>
    </ClCompile>
    <ClCompile Include="..\UI\CycScrollView.cpp">
      <Filter>UI</Filter>
    </ClCompile>
    <ClCompile Include="..\UI\RotateMenu.cpp">
      <Filter>UI</Filter>
    </ClCompile>
    <ClCompile Include="..\UI\CheckCSBLayer.cpp">
      <Filter>UI</Filter>
    </ClCompile>
    <ClCompile Include="..\UI\CheckTextureLayer.cpp">
      <Filter>UI</Filter>
    </ClCompile>
    <ClCompile Include="..\UI\HelpLayer.cpp">
      <Filter>UI</Filter>
    </ClCompile>
    <ClCompile Include="..\UI\Scanner.cpp">
      <Filter>UI</Filter>
    </ClCompile>
    <ClCompile Include="..\UI\ToolBarLayer.cpp">
      <Filter>UI</Filter>
    </ClCompile>
    <ClCompile Include="..\UI\FloatCoin.cpp">
      <Filter>UI</Filter>
    </ClCompile>
    <ClCompile Include="..\UI\TimerObject.cpp">
      <Filter>UI</Filter>
    </ClCompile>
    <ClCompile Include="..\UI\BigWinner.cpp">
      <Filter>UI</Filter>
    </ClCompile>
    <ClCompile Include="..\UI\JackpotModel.cpp">
      <Filter>UI</Filter>
    </ClCompile>
    <ClCompile Include="..\UI\MoneyGetFourLevel.cpp">
      <Filter>UI</Filter>
    </ClCompile>
    <ClCompile Include="..\UI\RobotInfo.cpp">
      <Filter>UI</Filter>
    </ClCompile>
    <ClCompile Include="..\Tool\XCaseStringUtil.cpp">
      <Filter>Tool</Filter>
    </ClCompile>
    <ClCompile Include="..\Tool\DirUtils.cpp">
      <Filter>Tool</Filter>
    </ClCompile>
  </ItemGroup>
</Project>